
Microsoft Visual Studio Solution File, Format Version 12.00
# Visual Studio Version 17
VisualStudioVersion = 17.10.35013.160
MinimumVisualStudioVersion = 10.0.40219.1
Project("{FAE04EC0-301F-11D3-BF4B-00C04F79EFBC}") = "ShapesLibrary", "ShapesLibrary\ShapesLibrary.csproj", "{34D10D4D-E4F5-4686-94BB-DE65105E7B89}"
EndProject
Project("{FAE04EC0-301F-11D3-BF4B-00C04F79EFBC}") = "ShapesLibrary.Tests", "ShapesLibrary.Tests\ShapesLibrary.Tests.csproj", "{DD648C3C-DE77-42CC-A82E-4F531653BC8B}"
EndProject
Global
	GlobalSection(SolutionConfigurationPlatforms) = preSolution
		Debug|Any CPU = Debug|Any CPU
		Release|Any CPU = Release|Any CPU
	EndGlobalSection
	GlobalSection(ProjectConfigurationPlatforms) = postSolution
		{34D10D4D-E4F5-4686-94BB-DE65105E7B89}.Debug|Any CPU.ActiveCfg = Debug|Any CPU
		{34D10D4D-E4F5-4686-94BB-DE65105E7B89}.Debug|Any CPU.Build.0 = Debug|Any CPU
		{34D10D4D-E4F5-4686-94BB-DE65105E7B89}.Release|Any CPU.ActiveCfg = Release|Any CPU
		{34D10D4D-E4F5-4686-94BB-DE65105E7B89}.Release|Any CPU.Build.0 = Release|Any CPU
		{DD648C3C-DE77-42CC-A82E-4F531653BC8B}.Debug|Any CPU.ActiveCfg = Debug|Any CPU
		{DD648C3C-DE77-42CC-A82E-4F531653BC8B}.Debug|Any CPU.Build.0 = Debug|Any CPU
		{DD648C3C-DE77-42CC-A82E-4F531653BC8B}.Release|Any CPU.ActiveCfg = Release|Any CPU
		{DD648C3C-DE77-42CC-A82E-4F531653BC8B}.Release|Any CPU.Build.0 = Release|Any CPU
	EndGlobalSection
	GlobalSection(SolutionProperties) = preSolution
		HideSolutionNode = FALSE
	EndGlobalSection
	GlobalSection(ExtensibilityGlobals) = postSolution
		SolutionGuid = {56F2A5F8-CEA8-479E-976F-084A506CD552}
	EndGlobalSection
EndGlobal
